{
  "lockfile_version": "1",
  "packages": {
    "github:NixOS/nixpkgs/nixpkgs-unstable": {
      "last_modified": "2025-10-23T16:27:14Z",
      "resolved": "github:NixOS/nixpkgs/d5faa84122bc0a1fd5d378492efce4e289f8eac1?lastModified=1761236834&narHash=sha256-%2Bpthv6hrL5VLW2UqPdISGuLiUZ6SnAXdd2DdUE%2BfV2Q%3D"
    },
    "nodejs@23.6.1": {
      "last_modified": "2025-01-22T14:55:48Z",
      "plugin_version": "0.0.2",
      "resolved": "github:NixOS/nixpkgs/606996d74f6e2a12635d41c1bf58bfc7ea3bb5ec#nodejs_23",
      "source": "devbox-search",
      "version": "23.6.1",
      "systems": {
        "aarch64-darwin": {
          "outputs": [
            {
              "name": "out",
              "path": "/nix/store/29axir4ms4kg5ivy9gi493a0zpdlhgf5-nodejs-23.6.1",
              "default": true
            },
            {
              "name": "libv8",
              "path": "/nix/store/xfdfdffbchi433vv8yxw2m70wlyizwxw-nodejs-23.6.1-libv8"
            }
          ],
          "store_path": "/nix/store/29axir4ms4kg5ivy9gi493a0zpdlhgf5-nodejs-23.6.1"
        },
        "aarch64-linux": {
          "outputs": [
            {
              "name": "out",
              "path": "/nix/store/iyjgxm33zsha6pajl5kz31sk59vi46i4-nodejs-23.6.1",
              "default": true
            },
            {
              "name": "libv8",
              "path": "/nix/store/2hnqy10ldk4y569i7b03fga6xizhawjz-nodejs-23.6.1-libv8"
            }
          ],
          "store_path": "/nix/store/iyjgxm33zsha6pajl5kz31sk59vi46i4-nodejs-23.6.1"
        },
        "x86_64-darwin": {
          "outputs": [
            {
              "name": "out",
              "path": "/nix/store/3pkq98fxx3snwik291lbrjaqm6y1vq99-nodejs-23.6.1",
              "default": true
            },
            {
              "name": "libv8",
              "path": "/nix/store/0vvj5hwvkw4bwfli1ibgvq8xqyscxm49-nodejs-23.6.1-libv8"
            }
          ],
          "store_path": "/nix/store/3pkq98fxx3snwik291lbrjaqm6y1vq99-nodejs-23.6.1"
        },
        "x86_64-linux": {
          "outputs": [
            {
              "name": "out",
              "path": "/nix/store/0pkqh1lq6j9h93n1ajx6v9zy2pv6hx28-nodejs-23.6.1",
              "default": true
            },
            {
              "name": "libv8",
              "path": "/nix/store/cm187hrwxr4nkmffkwpmr7x6cccss20v-nodejs-23.6.1-libv8"
            }
          ],
          "store_path": "/nix/store/0pkqh1lq6j9h93n1ajx6v9zy2pv6hx28-nodejs-23.6.1"
        }
      }
    },
    "pnpm@latest": {
      "last_modified": "2025-10-10T13:35:32Z",
      "resolved": "github:NixOS/nixpkgs/870493f9a8cb0b074ae5b411b2f232015db19a65#pnpm",
      "source": "devbox-search",
      "version": "10.18.2",
      "systems": {
        "aarch64-darwin": {
          "outputs": [
            {
              "name": "out",
              "path": "/nix/store/1a1h3bn5wfyc8r8xllzfibri2wh7npnw-pnpm-10.18.2",
              "default": true
            }
          ],
          "store_path": "/nix/store/1a1h3bn5wfyc8r8xllzfibri2wh7npnw-pnpm-10.18.2"
        },
        "aarch64-linux": {
          "outputs": [
            {
              "name": "out",
              "path": "/nix/store/6mg938xvsavdcf0792imsfnzx0i0wic1-pnpm-10.18.2",
              "default": true
            }
          ],
          "store_path": "/nix/store/6mg938xvsavdcf0792imsfnzx0i0wic1-pnpm-10.18.2"
        },
        "x86_64-darwin": {
          "outputs": [
            {
              "name": "out",
              "path": "/nix/store/l46bk2n002bfd2giqiibizczihnxw771-pnpm-10.18.2",
              "default": true
            }
          ],
          "store_path": "/nix/store/l46bk2n002bfd2giqiibizczihnxw771-pnpm-10.18.2"
        },
        "x86_64-linux": {
          "outputs": [
            {
              "name": "out",
              "path": "/nix/store/n5j11an7wlcr98k8mc9h1kz4bm3jqrag-pnpm-10.18.2",
              "default": true
            }
          ],
          "store_path": "/nix/store/n5j11an7wlcr98k8mc9h1kz4bm3jqrag-pnpm-10.18.2"
        }
      }
    },
    "poetry@latest": {
      "last_modified": "2025-10-07T08:41:47Z",
      "resolved": "github:NixOS/nixpkgs/bce5fe2bb998488d8e7e7856315f90496723793c#poetry",
      "source": "devbox-search",
      "version": "2.2.1",
      "systems": {
        "aarch64-darwin": {
          "outputs": [
            {
              "name": "out",
              "path": "/nix/store/r9hx24sgm1j6fgc7k3iimzvs578x74ni-python3.13-poetry-2.2.1",
              "default": true
            },
            {
              "name": "dist",
              "path": "/nix/store/z5mlnbjvi194jinh1954cgw9pnma6rjc-python3.13-poetry-2.2.1-dist"
            }
          ],
          "store_path": "/nix/store/r9hx24sgm1j6fgc7k3iimzvs578x74ni-python3.13-poetry-2.2.1"
        },
        "aarch64-linux": {
          "outputs": [
            {
              "name": "out",
              "path": "/nix/store/x81km926mwl1cw4g69hp3xa650yh6x2h-python3.13-poetry-2.2.1",
              "default": true
            },
            {
              "name": "dist",
              "path": "/nix/store/dvzd51ciyvcmkw89y4cib6nn395ij2r6-python3.13-poetry-2.2.1-dist"
            }
          ],
          "store_path": "/nix/store/x81km926mwl1cw4g69hp3xa650yh6x2h-python3.13-poetry-2.2.1"
        },
        "x86_64-darwin": {
          "outputs": [
            {
              "name": "out",
              "path": "/nix/store/pvsmkshnzd892pw6yfjwswahycd7z2if-python3.13-poetry-2.2.1",
              "default": true
            },
            {
              "name": "dist",
              "path": "/nix/store/b7g8rjx6bj24jfd9vbxvwhl2zdswa0iz-python3.13-poetry-2.2.1-dist"
            }
          ],
          "store_path": "/nix/store/pvsmkshnzd892pw6yfjwswahycd7z2if-python3.13-poetry-2.2.1"
        },
        "x86_64-linux": {
          "outputs": [
            {
              "name": "out",
              "path": "/nix/store/7fv57d1mglcr01mfzla5jhkbjfh0r0ki-python3.13-poetry-2.2.1",
              "default": true
            },
            {
              "name": "dist",
              "path": "/nix/store/9n8kp052wwcjr8w17phr0r3ci2yad9f3-python3.13-poetry-2.2.1-dist"
            }
          ],
          "store_path": "/nix/store/7fv57d1mglcr01mfzla5jhkbjfh0r0ki-python3.13-poetry-2.2.1"
        }
      }
    },
    "python@3.13": {
      "last_modified": "2025-05-16T20:19:48Z",
      "plugin_version": "0.0.4",
      "resolved": "github:NixOS/nixpkgs/12a55407652e04dcf2309436eb06fef0d3713ef3#python313",
      "source": "devbox-search",
      "version": "3.13.3",
      "systems": {
        "aarch64-darwin": {
          "outputs": [
            {
              "name": "out",
              "path": "/nix/store/1a8xg8l3m67hxinxzzcsak9736qm9vsf-python3-3.13.3",
              "default": true
            }
          ],
          "store_path": "/nix/store/1a8xg8l3m67hxinxzzcsak9736qm9vsf-python3-3.13.3"
        },
        "aarch64-linux": {
          "outputs": [
            {
              "name": "out",
              "path": "/nix/store/yy0xvc2rydhrs0h1v8d7r3sql347xzz5-python3-3.13.3",
              "default": true
            },
            {
              "name": "debug",
              "path": "/nix/store/42bxfqfrh8cwspl7szr0cw8739xv8qlq-python3-3.13.3-debug"
            }
          ],
          "store_path": "/nix/store/yy0xvc2rydhrs0h1v8d7r3sql347xzz5-python3-3.13.3"
        },
        "x86_64-darwin": {
          "outputs": [
            {
              "name": "out",
              "path": "/nix/store/gbrigjhghz9v2p0zf9b2fnvs0g0yx7q4-python3-3.13.3",
              "default": true
            }
          ],
          "store_path": "/nix/store/gbrigjhghz9v2p0zf9b2fnvs0g0yx7q4-python3-3.13.3"
        },
        "x86_64-linux": {
          "outputs": [
            {
              "name": "out",
              "path": "/nix/store/2mab9iiwhcqwk75qwvp3zv0bvbiaq6cs-python3-3.13.3",
              "default": true
            },
            {
              "name": "debug",
              "path": "/nix/store/9z6k8ijl2md0y2n95yprbjj4vxbfsi15-python3-3.13.3-debug"
            }
          ],
          "store_path": "/nix/store/2mab9iiwhcqwk75qwvp3zv0bvbiaq6cs-python3-3.13.3"
        }
      }
    }
  }
}
